{
  "name": "android-api-versions-console-chart",
  "version": "1.1.0",
  "lockfileVersion": 2,
  "requires": true,
  "packages": {
    "": {
      "name": "android-api-versions-console-chart",
      "version": "1.1.0",
      "license": "MIT",
      "dependencies": {
        "cli-pie": "^2.4.2",
        "node-fetch": "^3.3.0"
      },
      "bin": {
        "display-android-api-versions-chart": "bin/index.js"
      }
    },
    "node_modules/cli-circle": {
      "version": "3.2.11",
      "resolved": "https://registry.npmjs.org/cli-circle/-/cli-circle-3.2.11.tgz",
      "integrity": "sha512-IU+ZgHR0Z9Ga+LqAeWefV9e5K7guBTXxxnzv9PYHA/t8LitBgGpZUYEJEINloiv3QlqbWnt5N5Dw+EyJSujR3g==",
      "dependencies": {
        "cli-graph": "^3.0.0",
        "typpy": "^2.3.3",
        "ul": "^5.0.0"
      }
    },
    "node_modules/cli-graph": {
      "version": "3.2.2",
      "resolved": "https://registry.npmjs.org/cli-graph/-/cli-graph-3.2.2.tgz",
      "integrity": "sha512-eNoh4fyGPcENQlboxdhUZJe+IC7/RBQyaXZ4kS9ghvSLIBSqgBAQ1b2b93cSMgK8u6P3ipDr3GNLIquVnwCHMQ==",
      "dependencies": {
        "ul": "5.0.0"
      }
    },
    "node_modules/cli-graph/node_modules/deffy": {
      "version": "2.0.0",
      "resolved": "https://registry.npmjs.org/deffy/-/deffy-2.0.0.tgz",
      "integrity": "sha512-Gcn10MX982lqx8XmJES2JvN8Im7h0lFwRanyQfkQG2wXko4SouD0pSGUlK6Do165Itfidhpssn6NqlRkKp/4ig==",
      "dependencies": {
        "typpy": "^2.0.0"
      }
    },
    "node_modules/cli-graph/node_modules/typpy": {
      "version": "2.0.0",
      "resolved": "https://registry.npmjs.org/typpy/-/typpy-2.0.0.tgz",
      "integrity": "sha512-IucehPujjCCGqmRNLfJwwDXRDleVfnt/dKMQhQWJv8q62dXb6TuJs3zscdtq1agk+po5E+WweZ9RS0VMuaXXfg=="
    },
    "node_modules/cli-graph/node_modules/ul": {
      "version": "5.0.0",
      "resolved": "https://registry.npmjs.org/ul/-/ul-5.0.0.tgz",
      "integrity": "sha512-/wMRf3ZchW/MHV8M0fWhxhUTeJAOgrxt6u/9snab4xuMTkCuHo7TH7nyMZxrsjNobAFC8UhCNwlwVVQdVbcf1w==",
      "dependencies": {
        "deffy": "2.0.0",
        "typpy": "2.0.0"
      }
    },
    "node_modules/cli-pie": {
      "version": "2.4.2",
      "resolved": "https://registry.npmjs.org/cli-pie/-/cli-pie-2.4.2.tgz",
      "integrity": "sha512-/ixPjwAwH4wt2LHDN4IuOGyp+IdwASQXQTTLggaZWoCMr6ZAaRZItE7pCqKlgge3bj8TWF956Sli3g/Hmt5CVQ==",
      "dependencies": {
        "cli-circle": "^3.0.0",
        "couleurs": "^5.0.0",
        "flatcolors": "^3.0.0",
        "ul": "^5.0.0"
      }
    },
    "node_modules/couleurs": {
      "version": "5.2.1",
      "resolved": "https://registry.npmjs.org/couleurs/-/couleurs-5.2.1.tgz",
      "integrity": "sha512-P1SOxvmtZ//1WAyLKyOZdvCjBvylbUMKZbIwUY+dZvOkqdILBSGHUzcQzQRIgikY4kMGgcbxg8bbKc0rOhGUQQ==",
      "dependencies": {
        "flat-colors": "3.0.0",
        "typpy": "2.0.0",
        "x256": "0.0.2"
      }
    },
    "node_modules/couleurs/node_modules/typpy": {
      "version": "2.0.0",
      "resolved": "https://registry.npmjs.org/typpy/-/typpy-2.0.0.tgz",
      "integrity": "sha512-IucehPujjCCGqmRNLfJwwDXRDleVfnt/dKMQhQWJv8q62dXb6TuJs3zscdtq1agk+po5E+WweZ9RS0VMuaXXfg=="
    },
    "node_modules/data-uri-to-buffer": {
      "version": "4.0.1",
      "resolved": "https://registry.npmjs.org/data-uri-to-buffer/-/data-uri-to-buffer-4.0.1.tgz",
      "integrity": "sha512-0R9ikRb668HB7QDxT1vkpuUBtqc53YyAwMwGeUFKRojY/NWKvdZ+9UYtRfGmhqNbRkTSVpMbmyhXipFFv2cb/A==",
      "engines": {
        "node": ">= 12"
      }
    },
    "node_modules/deffy": {
      "version": "2.2.4",
      "resolved": "https://registry.npmjs.org/deffy/-/deffy-2.2.4.tgz",
      "integrity": "sha512-pLc9lsbsWjr6RxmJ2OLyvm+9l4j1yK69h+TML/gUit/t3vTijpkNGh8LioaJYTGO7F25m6HZndADcUOo2PsiUg==",
      "dependencies": {
        "typpy": "^2.0.0"
      }
    },
    "node_modules/fetch-blob": {
      "version": "3.2.0",
      "resolved": "https://registry.npmjs.org/fetch-blob/-/fetch-blob-3.2.0.tgz",
      "integrity": "sha512-7yAQpD2UMJzLi1Dqv7qFYnPbaPx7ZfFK6PiIxQ4PfkGPyNyl2Ugx+a/umUonmKqjhM4DnfbMvdX6otXq83soQQ==",
      "funding": [
        {
          "type": "github",
          "url": "https://github.com/sponsors/jimmywarting"
        },
        {
          "type": "paypal",
          "url": "https://paypal.me/jimmywarting"
        }
      ],
      "dependencies": {
        "node-domexception": "^1.0.0",
        "web-streams-polyfill": "^3.0.3"
      },
      "engines": {
        "node": "^12.20 || >= 14.13"
      }
    },
    "node_modules/flat-colors": {
      "version": "3.0.0",
      "resolved": "https://registry.npmjs.org/flat-colors/-/flat-colors-3.0.0.tgz",
      "integrity": "sha512-UDm0W6LZOdQL0kfbHW1/hohk4bws+ypeww4SyKv5Kn0CIzWWn2blNLLv4nWFuVt5NFv6PHWQYzuHf0uWqiX56g=="
    },
    "node_modules/flatcolors": {
      "version": "3.0.0",
      "resolved": "https://registry.npmjs.org/flatcolors/-/flatcolors-3.0.0.tgz",
      "integrity": "sha512-9yS0JmtD02Z6+oal9K5p8Qprn5qbZFKHw0qJ9VEeYLIMBVIR3W48kirjs+/qNd6jRY45nKvJdfGdDABwGy1mCg=="
    },
    "node_modules/formdata-polyfill": {
      "version": "4.0.10",
      "resolved": "https://registry.npmjs.org/formdata-polyfill/-/formdata-polyfill-4.0.10.tgz",
      "integrity": "sha512-buewHzMvYL29jdeQTVILecSaZKnt/RJWjoZCF5OW60Z67/GmSLBkOFM7qh1PI3zFNtJbaZL5eQu1vLfazOwj4g==",
      "dependencies": {
        "fetch-blob": "^3.1.2"
      },
      "engines": {
        "node": ">=12.20.0"
      }
    },
    "node_modules/function.name": {
      "version": "1.0.13",
      "resolved": "https://registry.npmjs.org/function.name/-/function.name-1.0.13.tgz",
      "integrity": "sha512-mVrqdoy5npWZyoXl4DxCeuVF6delDcQjVS9aPdvLYlBxtMTZDR2B5GVEQEoM1jJyspCqg3C0v4ABkLE7tp9xFA==",
      "dependencies": {
        "noop6": "^1.0.1"
      }
    },
    "node_modules/node-domexception": {
      "version": "1.0.0",
      "resolved": "https://registry.npmjs.org/node-domexception/-/node-domexception-1.0.0.tgz",
      "integrity": "sha512-/jKZoMpw0F8GRwl4/eLROPA3cfcXtLApP0QzLmUT/HuPCZWyB7IY9ZrMeKw2O/nFIqPQB3PVM9aYm0F312AXDQ==",
      "funding": [
        {
          "type": "github",
          "url": "https://github.com/sponsors/jimmywarting"
        },
        {
          "type": "github",
          "url": "https://paypal.me/jimmywarting"
        }
      ],
      "engines": {
        "node": ">=10.5.0"
      }
    },
    "node_modules/node-fetch": {
      "version": "3.3.0",
      "resolved": "https://registry.npmjs.org/node-fetch/-/node-fetch-3.3.0.tgz",
      "integrity": "sha512-BKwRP/O0UvoMKp7GNdwPlObhYGB5DQqwhEDQlNKuoqwVYSxkSZCSbHjnFFmUEtwSKRPU4kNK8PbDYYitwaE3QA==",
      "dependencies": {
        "data-uri-to-buffer": "^4.0.0",
        "fetch-blob": "^3.1.4",
        "formdata-polyfill": "^4.0.10"
      },
      "engines": {
        "node": "^12.20.0 || ^14.13.1 || >=16.0.0"
      },
      "funding": {
        "type": "opencollective",
        "url": "https://opencollective.com/node-fetch"
      }
    },
    "node_modules/noop6": {
      "version": "1.0.9",
      "resolved": "https://registry.npmjs.org/noop6/-/noop6-1.0.9.tgz",
      "integrity": "sha512-DB3Hwyd89dPr5HqEPg3YHjzvwh/mCqizC1zZ8vyofqc+TQRyPDnT4wgXXbLGF4z9YAzwwTLi8pNLhGqcbSjgkA=="
    },
    "node_modules/typpy": {
      "version": "2.3.13",
      "resolved": "https://registry.npmjs.org/typpy/-/typpy-2.3.13.tgz",
      "integrity": "sha512-vOxIcQz9sxHi+rT09SJ5aDgVgrPppQjwnnayTrMye1ODaU8gIZTDM19t9TxmEElbMihx2Nq/0/b/MtyKfayRqA==",
      "dependencies": {
        "function.name": "^1.0.3"
      }
    },
    "node_modules/ul": {
      "version": "5.2.15",
      "resolved": "https://registry.npmjs.org/ul/-/ul-5.2.15.tgz",
      "integrity": "sha512-svLEUy8xSCip5IWnsRa0UOg+2zP0Wsj4qlbjTmX6GJSmvKMHADBuHOm1dpNkWqWPIGuVSqzUkV3Cris5JrlTRQ==",
      "dependencies": {
        "deffy": "^2.2.2",
        "typpy": "^2.3.4"
      }
    },
    "node_modules/web-streams-polyfill": {
      "version": "3.2.1",
      "resolved": "https://registry.npmjs.org/web-streams-polyfill/-/web-streams-polyfill-3.2.1.tgz",
      "integrity": "sha512-e0MO3wdXWKrLbL0DgGnUV7WHVuw9OUvL4hjgnPkIeEvESk74gAITi5G606JtZPp39cd8HA9VQzCIvA49LpPN5Q==",
      "engines": {
        "node": ">= 8"
      }
    },
    "node_modules/x256": {
      "version": "0.0.2",
      "resolved": "https://registry.npmjs.org/x256/-/x256-0.0.2.tgz",
      "integrity": "sha512-ZsIH+sheoF8YG9YG+QKEEIdtqpHRA9FYuD7MqhfyB1kayXU43RUNBFSxBEnF8ywSUxdg+8no4+bPr5qLbyxKgA==",
      "engines": {
        "node": ">=0.4.0"
      }
    }
  },
  "dependencies": {
    "cli-circle": {
      "version": "3.2.11",
      "resolved": "https://registry.npmjs.org/cli-circle/-/cli-circle-3.2.11.tgz",
      "integrity": "sha512-IU+ZgHR0Z9Ga+LqAeWefV9e5K7guBTXxxnzv9PYHA/t8LitBgGpZUYEJEINloiv3QlqbWnt5N5Dw+EyJSujR3g==",
      "requires": {
        "cli-graph": "^3.0.0",
        "typpy": "^2.3.3",
        "ul": "^5.0.0"
      }
    },
    "cli-graph": {
      "version": "3.2.2",
      "resolved": "https://registry.npmjs.org/cli-graph/-/cli-graph-3.2.2.tgz",
      "integrity": "sha512-eNoh4fyGPcENQlboxdhUZJe+IC7/RBQyaXZ4kS9ghvSLIBSqgBAQ1b2b93cSMgK8u6P3ipDr3GNLIquVnwCHMQ==",
      "requires": {
        "ul": "5.0.0"
      },
      "dependencies": {
        "deffy": {
          "version": "2.0.0",
          "resolved": "https://registry.npmjs.org/deffy/-/deffy-2.0.0.tgz",
          "integrity": "sha512-Gcn10MX982lqx8XmJES2JvN8Im7h0lFwRanyQfkQG2wXko4SouD0pSGUlK6Do165Itfidhpssn6NqlRkKp/4ig==",
          "requires": {
            "typpy": "^2.0.0"
          }
        },
        "typpy": {
          "version": "2.0.0",
          "resolved": "https://registry.npmjs.org/typpy/-/typpy-2.0.0.tgz",
          "integrity": "sha512-IucehPujjCCGqmRNLfJwwDXRDleVfnt/dKMQhQWJv8q62dXb6TuJs3zscdtq1agk+po5E+WweZ9RS0VMuaXXfg=="
        },
        "ul": {
          "version": "5.0.0",
          "resolved": "https://registry.npmjs.org/ul/-/ul-5.0.0.tgz",
          "integrity": "sha512-/wMRf3ZchW/MHV8M0fWhxhUTeJAOgrxt6u/9snab4xuMTkCuHo7TH7nyMZxrsjNobAFC8UhCNwlwVVQdVbcf1w==",
          "requires": {
            "deffy": "2.0.0",
            "typpy": "2.0.0"
          }
        }
      }
    },
    "cli-pie": {
      "version": "2.4.2",
      "resolved": "https://registry.npmjs.org/cli-pie/-/cli-pie-2.4.2.tgz",
      "integrity": "sha512-/ixPjwAwH4wt2LHDN4IuOGyp+IdwASQXQTTLggaZWoCMr6ZAaRZItE7pCqKlgge3bj8TWF956Sli3g/Hmt5CVQ==",
      "requires": {
        "cli-circle": "^3.0.0",
        "couleurs": "^5.0.0",
        "flatcolors": "^3.0.0",
        "ul": "^5.0.0"
      }
    },
    "couleurs": {
      "version": "5.2.1",
      "resolved": "https://registry.npmjs.org/couleurs/-/couleurs-5.2.1.tgz",
      "integrity": "sha512-P1SOxvmtZ//1WAyLKyOZdvCjBvylbUMKZbIwUY+dZvOkqdILBSGHUzcQzQRIgikY4kMGgcbxg8bbKc0rOhGUQQ==",
      "requires": {
        "flat-colors": "3.0.0",
        "typpy": "2.0.0",
        "x256": "0.0.2"
      },
      "dependencies": {
        "typpy": {
          "version": "2.0.0",
          "resolved": "https://registry.npmjs.org/typpy/-/typpy-2.0.0.tgz",
          "integrity": "sha512-IucehPujjCCGqmRNLfJwwDXRDleVfnt/dKMQhQWJv8q62dXb6TuJs3zscdtq1agk+po5E+WweZ9RS0VMuaXXfg=="
        }
      }
    },
    "data-uri-to-buffer": {
      "version": "4.0.1",
      "resolved": "https://registry.npmjs.org/data-uri-to-buffer/-/data-uri-to-buffer-4.0.1.tgz",
      "integrity": "sha512-0R9ikRb668HB7QDxT1vkpuUBtqc53YyAwMwGeUFKRojY/NWKvdZ+9UYtRfGmhqNbRkTSVpMbmyhXipFFv2cb/A=="
    },
    "deffy": {
      "version": "2.2.4",
      "resolved": "https://registry.npmjs.org/deffy/-/deffy-2.2.4.tgz",
      "integrity": "sha512-pLc9lsbsWjr6RxmJ2OLyvm+9l4j1yK69h+TML/gUit/t3vTijpkNGh8LioaJYTGO7F25m6HZndADcUOo2PsiUg==",
      "requires": {
        "typpy": "^2.0.0"
      }
    },
    "fetch-blob": {
      "version": "3.2.0",
      "resolved": "https://registry.npmjs.org/fetch-blob/-/fetch-blob-3.2.0.tgz",
      "integrity": "sha512-7yAQpD2UMJzLi1Dqv7qFYnPbaPx7ZfFK6PiIxQ4PfkGPyNyl2Ugx+a/umUonmKqjhM4DnfbMvdX6otXq83soQQ==",
      "requires": {
        "node-domexception": "^1.0.0",
        "web-streams-polyfill": "^3.0.3"
      }
    },
    "flat-colors": {
      "version": "3.0.0",
      "resolved": "https://registry.npmjs.org/flat-colors/-/flat-colors-3.0.0.tgz",
      "integrity": "sha512-UDm0W6LZOdQL0kfbHW1/hohk4bws+ypeww4SyKv5Kn0CIzWWn2blNLLv4nWFuVt5NFv6PHWQYzuHf0uWqiX56g=="
    },
    "flatcolors": {
      "version": "3.0.0",
      "resolved": "https://registry.npmjs.org/flatcolors/-/flatcolors-3.0.0.tgz",
      "integrity": "sha512-9yS0JmtD02Z6+oal9K5p8Qprn5qbZFKHw0qJ9VEeYLIMBVIR3W48kirjs+/qNd6jRY45nKvJdfGdDABwGy1mCg=="
    },
    "formdata-polyfill": {
      "version": "4.0.10",
      "resolved": "https://registry.npmjs.org/formdata-polyfill/-/formdata-polyfill-4.0.10.tgz",
      "integrity": "sha512-buewHzMvYL29jdeQTVILecSaZKnt/RJWjoZCF5OW60Z67/GmSLBkOFM7qh1PI3zFNtJbaZL5eQu1vLfazOwj4g==",
      "requires": {
        "fetch-blob": "^3.1.2"
      }
    },
    "function.name": {
      "version": "1.0.13",
      "resolved": "https://registry.npmjs.org/function.name/-/function.name-1.0.13.tgz",
      "integrity": "sha512-mVrqdoy5npWZyoXl4DxCeuVF6delDcQjVS9aPdvLYlBxtMTZDR2B5GVEQEoM1jJyspCqg3C0v4ABkLE7tp9xFA==",
      "requires": {
        "noop6": "^1.0.1"
      }
    },
    "node-domexception": {
      "version": "1.0.0",
      "resolved": "https://registry.npmjs.org/node-domexception/-/node-domexception-1.0.0.tgz",
      "integrity": "sha512-/jKZoMpw0F8GRwl4/eLROPA3cfcXtLApP0QzLmUT/HuPCZWyB7IY9ZrMeKw2O/nFIqPQB3PVM9aYm0F312AXDQ=="
    },
    "node-fetch": {
      "version": "3.3.0",
      "resolved": "https://registry.npmjs.org/node-fetch/-/node-fetch-3.3.0.tgz",
      "integrity": "sha512-BKwRP/O0UvoMKp7GNdwPlObhYGB5DQqwhEDQlNKuoqwVYSxkSZCSbHjnFFmUEtwSKRPU4kNK8PbDYYitwaE3QA==",
      "requires": {
        "data-uri-to-buffer": "^4.0.0",
        "fetch-blob": "^3.1.4",
        "formdata-polyfill": "^4.0.10"
      }
    },
    "noop6": {
      "version": "1.0.9",
      "resolved": "https://registry.npmjs.org/noop6/-/noop6-1.0.9.tgz",
      "integrity": "sha512-DB3Hwyd89dPr5HqEPg3YHjzvwh/mCqizC1zZ8vyofqc+TQRyPDnT4wgXXbLGF4z9YAzwwTLi8pNLhGqcbSjgkA=="
    },
    "typpy": {
      "version": "2.3.13",
      "resolved": "https://registry.npmjs.org/typpy/-/typpy-2.3.13.tgz",
      "integrity": "sha512-vOxIcQz9sxHi+rT09SJ5aDgVgrPppQjwnnayTrMye1ODaU8gIZTDM19t9TxmEElbMihx2Nq/0/b/MtyKfayRqA==",
      "requires": {
        "function.name": "^1.0.3"
      }
    },
    "ul": {
      "version": "5.2.15",
      "resolved": "https://registry.npmjs.org/ul/-/ul-5.2.15.tgz",
      "integrity": "sha512-svLEUy8xSCip5IWnsRa0UOg+2zP0Wsj4qlbjTmX6GJSmvKMHADBuHOm1dpNkWqWPIGuVSqzUkV3Cris5JrlTRQ==",
      "requires": {
        "deffy": "^2.2.2",
        "typpy": "^2.3.4"
      }
    },
    "web-streams-polyfill": {
      "version": "3.2.1",
      "resolved": "https://registry.npmjs.org/web-streams-polyfill/-/web-streams-polyfill-3.2.1.tgz",
      "integrity": "sha512-e0MO3wdXWKrLbL0DgGnUV7WHVuw9OUvL4hjgnPkIeEvESk74gAITi5G606JtZPp39cd8HA9VQzCIvA49LpPN5Q=="
    },
    "x256": {
      "version": "0.0.2",
      "resolved": "https://registry.npmjs.org/x256/-/x256-0.0.2.tgz",
      "integrity": "sha512-ZsIH+sheoF8YG9YG+QKEEIdtqpHRA9FYuD7MqhfyB1kayXU43RUNBFSxBEnF8ywSUxdg+8no4+bPr5qLbyxKgA=="
    }
  }
}
